
Microsoft Visual Studio Solution File, Format Version 12.00
# Visual Studio Version 17
VisualStudioVersion = 17.5.33414.496
MinimumVisualStudioVersion = 10.0.40219.1
Project("{9A19103F-16F7-4668-BE54-9A1E7A4F7556}") = "VoxTenouApp", "VoxTenouApp\VoxTenouApp.csproj", "{4BF7BFB6-2B53-471D-8FAD-3865FE2F5EBE}"
EndProject
Project("{FAE04EC0-301F-11D3-BF4B-00C04F79EFBC}") = "TestProject", "TestProject\TestProject.csproj", "{7B5C84B5-CA1D-4B7E-AE96-37DB753224CF}"
EndProject
Global
	GlobalSection(SolutionConfigurationPlatforms) = preSolution
		Debug|Any CPU = Debug|Any CPU
		Release|Any CPU = Release|Any CPU
	EndGlobalSection
	GlobalSection(ProjectConfigurationPlatforms) = postSolution
		{4BF7BFB6-2B53-471D-8FAD-3865FE2F5EBE}.Debug|Any CPU.ActiveCfg = Debug|Any CPU
		{4BF7BFB6-2B53-471D-8FAD-3865FE2F5EBE}.Debug|Any CPU.Build.0 = Debug|Any CPU
		{4BF7BFB6-2B53-471D-8FAD-3865FE2F5EBE}.Release|Any CPU.ActiveCfg = Release|Any CPU
		{4BF7BFB6-2B53-471D-8FAD-3865FE2F5EBE}.Release|Any CPU.Build.0 = Release|Any CPU
		{7B5C84B5-CA1D-4B7E-AE96-37DB753224CF}.Debug|Any CPU.ActiveCfg = Debug|Any CPU
		{7B5C84B5-CA1D-4B7E-AE96-37DB753224CF}.Debug|Any CPU.Build.0 = Debug|Any CPU
		{7B5C84B5-CA1D-4B7E-AE96-37DB753224CF}.Release|Any CPU.ActiveCfg = Release|Any CPU
		{7B5C84B5-CA1D-4B7E-AE96-37DB753224CF}.Release|Any CPU.Build.0 = Release|Any CPU
	EndGlobalSection
	GlobalSection(SolutionProperties) = preSolution
		HideSolutionNode = FALSE
	EndGlobalSection
	GlobalSection(ExtensibilityGlobals) = postSolution
		SolutionGuid = {768B9E0C-E59E-4F2D-9621-AE3B2BDD1AB7}
	EndGlobalSection
EndGlobal
